PODS:
  - ACINetworking.swift (3.0.0):
    - Alamofire
  - Alamofire (5.4.4)
  - AnyCodable (1.2.0)
  - HandyJSON (5.0.2)
  - RxSwift (6.2.0)

DEPENDENCIES:
  - ACINetworking.swift
  - AnyCodable
  - HandyJSON
  - RxSwift

SPEC REPOS:
  trunk:
    - ACINetworking.swift
    - Alamofire
    - AnyCodable
    - HandyJSON
    - RxSwift

SPEC CHECKSUMS:
  ACINetworking.swift: b85c4bfac18b13656ab99e9c7d5f08eebfb41a7a
  Alamofire: f3b09a368f1582ab751b3fff5460276e0d2cf5c9
  AnyCodable: bb05e19c676899e0fd511652f2d83bfa044e2503
  HandyJSON: 9e4e236f5d2dbefad5155a77417bbea438201c03
  RxSwift: d356ab7bee873611322f134c5f9ef379fa183d8f

PODFILE CHECKSUM: c04054f192cfb644667c3ec2c127fcba1cce10cc

COCOAPODS: 1.11.2
